{
  "name": "backend",
  "version": "1.0.0",
  "lockfileVersion": 3,
  "requires": true,
  "packages": {
    "": {
      "name": "backend",
      "version": "1.0.0",
      "license": "ISC",
      "dependencies": {
        "brain.js": "^1.6.1",
        "random-words": "^2.0.0"
      }
    },
    "node_modules/acorn": {
      "version": "5.7.4",
      "resolved": "https://registry.npmjs.org/acorn/-/acorn-5.7.4.tgz",
      "integrity": "sha512-1D++VG7BhrtvQpNbBzovKNc1FLGGEE/oGe7b9xJm/RFHMBeUaUGpluV9RLjZa47YFdPcDAenEYuq9pQPcMdLJg==",
      "bin": {
        "acorn": "bin/acorn"
      },
      "engines": {
        "node": ">=0.4.0"
      }
    },
    "node_modules/brain.js": {
      "version": "1.6.1",
      "resolved": "https://registry.npmjs.org/brain.js/-/brain.js-1.6.1.tgz",
      "integrity": "sha512-c+qrOGoW9VvIohTf70MQCjNzrunXVWI09CT27BZ/lZb6nObGxkdP10c4g9Ztnd8WFJijGdh3veh1A1vk/daIUA==",
      "dependencies": {
        "gpu.js": "^1.10.4",
        "thaw.js": "^2.0.0"
      }
    },
    "node_modules/gpu.js": {
      "version": "1.10.4",
      "resolved": "https://registry.npmjs.org/gpu.js/-/gpu.js-1.10.4.tgz",
      "integrity": "sha512-qh5O1LXwwkhGOpEicR9SnQB7xduUDY5rKGPWj9yOFLNI90bX+mReooGQjnL3iZ08btBOT0zQGu9wKA+gGy2BhQ==",
      "dependencies": {
        "acorn": "^5.1.1"
      }
    },
    "node_modules/random-words": {
      "version": "2.0.0",
      "resolved": "https://registry.npmjs.org/random-words/-/random-words-2.0.0.tgz",
      "integrity": "sha512-uqpnDqFnYrZajgmvgjmBrSZL2V1UA/9bNPGrilo12CmBeBszoff/avElutUlwWxG12gvmCk/8dUhvHefYxzYjw==",
      "dependencies": {
        "seedrandom": "^3.0.5"
      }
    },
    "node_modules/seedrandom": {
      "version": "3.0.5",
      "resolved": "https://registry.npmjs.org/seedrandom/-/seedrandom-3.0.5.tgz",
      "integrity": "sha512-8OwmbklUNzwezjGInmZ+2clQmExQPvomqjL7LFqOYqtmuxRgQYqOD3mHaU+MvZn5FLUeVxVfQjwLZW/n/JFuqg=="
    },
    "node_modules/thaw.js": {
      "version": "2.1.4",
      "resolved": "https://registry.npmjs.org/thaw.js/-/thaw.js-2.1.4.tgz",
      "integrity": "sha512-si9DSzEzOBUpbE41wE4Q6NXzXDYZfrniYocrduNtNDwLWj1Auueq8UzgePMQa5gfcQtVCG2OmlCTaHldtno3Vw=="
    }
  }
}
